
Microsoft Visual Studio Solution File, Format Version 11.00
# Visual Studio 2012
Project("{8BC9CEB8-8B4A-11D0-8D11-00A0C91BC942}") = "3d", "3d.vcxproj", "{053C1C23-DE7A-4917-822D-89C829D44F40}"
EndProject
Project("{8BC9CEB8-8B4A-11D0-8D11-00A0C91BC942}") = "3d_multi", "3d_multi.vcxproj", "{31FB6714-1A9B-4587-A3E4-35C4E595BA78}"
EndProject
Project("{8BC9CEB8-8B4A-11D0-8D11-00A0C91BC942}") = "event_parameter", "event_parameter.vcxproj", "{1F204DA3-8D45-4774-844F-FB174BE114B8}"
EndProject
Project("{8BC9CEB8-8B4A-11D0-8D11-00A0C91BC942}") = "load_banks", "load_banks.vcxproj", "{105A8362-499F-481F-AECA-198D972BAA22}"
EndProject
Project("{8BC9CEB8-8B4A-11D0-8D11-00A0C91BC942}") = "music_callbacks", "music_callbacks.vcxproj", "{9CBB778A-4AAC-4E26-AD2B-8B4024D79900}"
EndProject
Project("{8BC9CEB8-8B4A-11D0-8D11-00A0C91BC942}") = "objectpan", "objectpan.vcxproj", "{A8D114CF-6668-44D1-B5D4-0CAC3A0D3D88}"
EndProject
Project("{8BC9CEB8-8B4A-11D0-8D11-00A0C91BC942}") = "programmer_sound", "programmer_sound.vcxproj", "{A4D39462-EDFB-4788-919A-BD0203424399}"
EndProject
Project("{8BC9CEB8-8B4A-11D0-8D11-00A0C91BC942}") = "recording_playback", "recording_playback.vcxproj", "{D8037B39-6552-48A8-BD99-DBF42E690D2E}"
EndProject
Project("{8BC9CEB8-8B4A-11D0-8D11-00A0C91BC942}") = "simple_event", "simple_event.vcxproj", "{09C24FA9-8539-4322-9CD2-EDEB4E75C3EF}"
EndProject
Global
	GlobalSection(SolutionConfigurationPlatforms) = preSolution
		Debug|Win32 = Debug|Win32
		Debug|x64 = Debug|x64
		Release|Win32 = Release|Win32
		Release|x64 = Release|x64
	EndGlobalSection
	GlobalSection(ProjectConfigurationPlatforms) = postSolution
		{053C1C23-DE7A-4917-822D-89C829D44F40}.Debug|Win32.ActiveCfg = Debug|Win32
		{053C1C23-DE7A-4917-822D-89C829D44F40}.Debug|Win32.Build.0 = Debug|Win32
		{053C1C23-DE7A-4917-822D-89C829D44F40}.Debug|Win32.Deploy.0 = Debug|Win32
		{053C1C23-DE7A-4917-822D-89C829D44F40}.Debug|x64.ActiveCfg = Debug|x64
		{053C1C23-DE7A-4917-822D-89C829D44F40}.Debug|x64.Build.0 = Debug|x64
		{053C1C23-DE7A-4917-822D-89C829D44F40}.Debug|x64.Deploy.0 = Debug|x64
		{053C1C23-DE7A-4917-822D-89C829D44F40}.Release|Win32.ActiveCfg = Release|Win32
		{053C1C23-DE7A-4917-822D-89C829D44F40}.Release|Win32.Build.0 = Release|Win32
		{053C1C23-DE7A-4917-822D-89C829D44F40}.Release|Win32.Deploy.0 = Release|Win32
		{053C1C23-DE7A-4917-822D-89C829D44F40}.Release|x64.ActiveCfg = Release|x64
		{053C1C23-DE7A-4917-822D-89C829D44F40}.Release|x64.Build.0 = Release|x64
		{053C1C23-DE7A-4917-822D-89C829D44F40}.Release|x64.Deploy.0 = Release|x64
		{31FB6714-1A9B-4587-A3E4-35C4E595BA78}.Debug|Win32.ActiveCfg = Debug|Win32
		{31FB6714-1A9B-4587-A3E4-35C4E595BA78}.Debug|Win32.Build.0 = Debug|Win32
		{31FB6714-1A9B-4587-A3E4-35C4E595BA78}.Debug|Win32.Deploy.0 = Debug|Win32
		{31FB6714-1A9B-4587-A3E4-35C4E595BA78}.Debug|x64.ActiveCfg = Debug|x64
		{31FB6714-1A9B-4587-A3E4-35C4E595BA78}.Debug|x64.Build.0 = Debug|x64
		{31FB6714-1A9B-4587-A3E4-35C4E595BA78}.Debug|x64.Deploy.0 = Debug|x64
		{31FB6714-1A9B-4587-A3E4-35C4E595BA78}.Release|Win32.ActiveCfg = Release|Win32
		{31FB6714-1A9B-4587-A3E4-35C4E595BA78}.Release|Win32.Build.0 = Release|Win32
		{31FB6714-1A9B-4587-A3E4-35C4E595BA78}.Release|Win32.Deploy.0 = Release|Win32
		{31FB6714-1A9B-4587-A3E4-35C4E595BA78}.Release|x64.ActiveCfg = Release|x64
		{31FB6714-1A9B-4587-A3E4-35C4E595BA78}.Release|x64.Build.0 = Release|x64
		{31FB6714-1A9B-4587-A3E4-35C4E595BA78}.Release|x64.Deploy.0 = Release|x64
		{1F204DA3-8D45-4774-844F-FB174BE114B8}.Debug|Win32.ActiveCfg = Debug|Win32
		{1F204DA3-8D45-4774-844F-FB174BE114B8}.Debug|Win32.Build.0 = Debug|Win32
		{1F204DA3-8D45-4774-844F-FB174BE114B8}.Debug|Win32.Deploy.0 = Debug|Win32
		{1F204DA3-8D45-4774-844F-FB174BE114B8}.Debug|x64.ActiveCfg = Debug|x64
		{1F204DA3-8D45-4774-844F-FB174BE114B8}.Debug|x64.Build.0 = Debug|x64
		{1F204DA3-8D45-4774-844F-FB174BE114B8}.Debug|x64.Deploy.0 = Debug|x64
		{1F204DA3-8D45-4774-844F-FB174BE114B8}.Release|Win32.ActiveCfg = Release|Win32
		{1F204DA3-8D45-4774-844F-FB174BE114B8}.Release|Win32.Build.0 = Release|Win32
		{1F204DA3-8D45-4774-844F-FB174BE114B8}.Release|Win32.Deploy.0 = Release|Win32
		{1F204DA3-8D45-4774-844F-FB174BE114B8}.Release|x64.ActiveCfg = Release|x64
		{1F204DA3-8D45-4774-844F-FB174BE114B8}.Release|x64.Build.0 = Release|x64
		{1F204DA3-8D45-4774-844F-FB174BE114B8}.Release|x64.Deploy.0 = Release|x64
		{105A8362-499F-481F-AECA-198D972BAA22}.Debug|Win32.ActiveCfg = Debug|Win32
		{105A8362-499F-481F-AECA-198D972BAA22}.Debug|Win32.Build.0 = Debug|Win32
		{105A8362-499F-481F-AECA-198D972BAA22}.Debug|Win32.Deploy.0 = Debug|Win32
		{105A8362-499F-481F-AECA-198D972BAA22}.Debug|x64.ActiveCfg = Debug|x64
		{105A8362-499F-481F-AECA-198D972BAA22}.Debug|x64.Build.0 = Debug|x64
		{105A8362-499F-481F-AECA-198D972BAA22}.Debug|x64.Deploy.0 = Debug|x64
		{105A8362-499F-481F-AECA-198D972BAA22}.Release|Win32.ActiveCfg = Release|Win32
		{105A8362-499F-481F-AECA-198D972BAA22}.Release|Win32.Build.0 = Release|Win32
		{105A8362-499F-481F-AECA-198D972BAA22}.Release|Win32.Deploy.0 = Release|Win32
		{105A8362-499F-481F-AECA-198D972BAA22}.Release|x64.ActiveCfg = Release|x64
		{105A8362-499F-481F-AECA-198D972BAA22}.Release|x64.Build.0 = Release|x64
		{105A8362-499F-481F-AECA-198D972BAA22}.Release|x64.Deploy.0 = Release|x64
		{9CBB778A-4AAC-4E26-AD2B-8B4024D79900}.Debug|Win32.ActiveCfg = Debug|Win32
		{9CBB778A-4AAC-4E26-AD2B-8B4024D79900}.Debug|Win32.Build.0 = Debug|Win32
		{9CBB778A-4AAC-4E26-AD2B-8B4024D79900}.Debug|Win32.Deploy.0 = Debug|Win32
		{9CBB778A-4AAC-4E26-AD2B-8B4024D79900}.Debug|x64.ActiveCfg = Debug|x64
		{9CBB778A-4AAC-4E26-AD2B-8B4024D79900}.Debug|x64.Build.0 = Debug|x64
		{9CBB778A-4AAC-4E26-AD2B-8B4024D79900}.Debug|x64.Deploy.0 = Debug|x64
		{9CBB778A-4AAC-4E26-AD2B-8B4024D79900}.Release|Win32.ActiveCfg = Release|Win32
		{9CBB778A-4AAC-4E26-AD2B-8B4024D79900}.Release|Win32.Build.0 = Release|Win32
		{9CBB778A-4AAC-4E26-AD2B-8B4024D79900}.Release|Win32.Deploy.0 = Release|Win32
		{9CBB778A-4AAC-4E26-AD2B-8B4024D79900}.Release|x64.ActiveCfg = Release|x64
		{9CBB778A-4AAC-4E26-AD2B-8B4024D79900}.Release|x64.Build.0 = Release|x64
		{9CBB778A-4AAC-4E26-AD2B-8B4024D79900}.Release|x64.Deploy.0 = Release|x64
		{A8D114CF-6668-44D1-B5D4-0CAC3A0D3D88}.Debug|Win32.ActiveCfg = Debug|Win32
		{A8D114CF-6668-44D1-B5D4-0CAC3A0D3D88}.Debug|Win32.Build.0 = Debug|Win32
		{A8D114CF-6668-44D1-B5D4-0CAC3A0D3D88}.Debug|Win32.Deploy.0 = Debug|Win32
		{A8D114CF-6668-44D1-B5D4-0CAC3A0D3D88}.Debug|x64.ActiveCfg = Debug|x64
		{A8D114CF-6668-44D1-B5D4-0CAC3A0D3D88}.Debug|x64.Build.0 = Debug|x64
		{A8D114CF-6668-44D1-B5D4-0CAC3A0D3D88}.Debug|x64.Deploy.0 = Debug|x64
		{A8D114CF-6668-44D1-B5D4-0CAC3A0D3D88}.Release|Win32.ActiveCfg = Release|Win32
		{A8D114CF-6668-44D1-B5D4-0CAC3A0D3D88}.Release|Win32.Build.0 = Release|Win32
		{A8D114CF-6668-44D1-B5D4-0CAC3A0D3D88}.Release|Win32.Deploy.0 = Release|Win32
		{A8D114CF-6668-44D1-B5D4-0CAC3A0D3D88}.Release|x64.ActiveCfg = Release|x64
		{A8D114CF-6668-44D1-B5D4-0CAC3A0D3D88}.Release|x64.Build.0 = Release|x64
		{A8D114CF-6668-44D1-B5D4-0CAC3A0D3D88}.Release|x64.Deploy.0 = Release|x64
		{A4D39462-EDFB-4788-919A-BD0203424399}.Debug|Win32.ActiveCfg = Debug|Win32
		{A4D39462-EDFB-4788-919A-BD0203424399}.Debug|Win32.Build.0 = Debug|Win32
		{A4D39462-EDFB-4788-919A-BD0203424399}.Debug|Win32.Deploy.0 = Debug|Win32
		{A4D39462-EDFB-4788-919A-BD0203424399}.Debug|x64.ActiveCfg = Debug|x64
		{A4D39462-EDFB-4788-919A-BD0203424399}.Debug|x64.Build.0 = Debug|x64
		{A4D39462-EDFB-4788-919A-BD0203424399}.Debug|x64.Deploy.0 = Debug|x64
		{A4D39462-EDFB-4788-919A-BD0203424399}.Release|Win32.ActiveCfg = Release|Win32
		{A4D39462-EDFB-4788-919A-BD0203424399}.Release|Win32.Build.0 = Release|Win32
		{A4D39462-EDFB-4788-919A-BD0203424399}.Release|Win32.Deploy.0 = Release|Win32
		{A4D39462-EDFB-4788-919A-BD0203424399}.Release|x64.ActiveCfg = Release|x64
		{A4D39462-EDFB-4788-919A-BD0203424399}.Release|x64.Build.0 = Release|x64
		{A4D39462-EDFB-4788-919A-BD0203424399}.Release|x64.Deploy.0 = Release|x64
		{D8037B39-6552-48A8-BD99-DBF42E690D2E}.Debug|Win32.ActiveCfg = Debug|Win32
		{D8037B39-6552-48A8-BD99-DBF42E690D2E}.Debug|Win32.Build.0 = Debug|Win32
		{D8037B39-6552-48A8-BD99-DBF42E690D2E}.Debug|Win32.Deploy.0 = Debug|Win32
		{D8037B39-6552-48A8-BD99-DBF42E690D2E}.Debug|x64.ActiveCfg = Debug|x64
		{D8037B39-6552-48A8-BD99-DBF42E690D2E}.Debug|x64.Build.0 = Debug|x64
		{D8037B39-6552-48A8-BD99-DBF42E690D2E}.Debug|x64.Deploy.0 = Debug|x64
		{D8037B39-6552-48A8-BD99-DBF42E690D2E}.Release|Win32.ActiveCfg = Release|Win32
		{D8037B39-6552-48A8-BD99-DBF42E690D2E}.Release|Win32.Build.0 = Release|Win32
		{D8037B39-6552-48A8-BD99-DBF42E690D2E}.Release|Win32.Deploy.0 = Release|Win32
		{D8037B39-6552-48A8-BD99-DBF42E690D2E}.Release|x64.ActiveCfg = Release|x64
		{D8037B39-6552-48A8-BD99-DBF42E690D2E}.Release|x64.Build.0 = Release|x64
		{D8037B39-6552-48A8-BD99-DBF42E690D2E}.Release|x64.Deploy.0 = Release|x64
		{09C24FA9-8539-4322-9CD2-EDEB4E75C3EF}.Debug|Win32.ActiveCfg = Debug|Win32
		{09C24FA9-8539-4322-9CD2-EDEB4E75C3EF}.Debug|Win32.Build.0 = Debug|Win32
		{09C24FA9-8539-4322-9CD2-EDEB4E75C3EF}.Debug|Win32.Deploy.0 = Debug|Win32
		{09C24FA9-8539-4322-9CD2-EDEB4E75C3EF}.Debug|x64.ActiveCfg = Debug|x64
		{09C24FA9-8539-4322-9CD2-EDEB4E75C3EF}.Debug|x64.Build.0 = Debug|x64
		{09C24FA9-8539-4322-9CD2-EDEB4E75C3EF}.Debug|x64.Deploy.0 = Debug|x64
		{09C24FA9-8539-4322-9CD2-EDEB4E75C3EF}.Release|Win32.ActiveCfg = Release|Win32
		{09C24FA9-8539-4322-9CD2-EDEB4E75C3EF}.Release|Win32.Build.0 = Release|Win32
		{09C24FA9-8539-4322-9CD2-EDEB4E75C3EF}.Release|Win32.Deploy.0 = Release|Win32
		{09C24FA9-8539-4322-9CD2-EDEB4E75C3EF}.Release|x64.ActiveCfg = Release|x64
		{09C24FA9-8539-4322-9CD2-EDEB4E75C3EF}.Release|x64.Build.0 = Release|x64
		{09C24FA9-8539-4322-9CD2-EDEB4E75C3EF}.Release|x64.Deploy.0 = Release|x64
	EndGlobalSection
	GlobalSection(SolutionProperties) = preSolution
		HideSolutionNode = FALSE
	EndGlobalSection
EndGlobal
